
Microsoft Visual Studio Solution File, Format Version 12.00
# Visual Studio Version 17
VisualStudioVersion = 17.11.35327.3
MinimumVisualStudioVersion = 10.0.40219.1
Project("{FAE04EC0-301F-11D3-BF4B-00C04F79EFBC}") = "Graham", "Graham\Graham.csproj", "{D8C510A9-E534-4FF7-A84B-3114E45B10B2}"
EndProject
Global
	GlobalSection(SolutionConfigurationPlatforms) = preSolution
		Debug|Any CPU = Debug|Any CPU
		Release|Any CPU = Release|Any CPU
	EndGlobalSection
	GlobalSection(ProjectConfigurationPlatforms) = postSolution
		{D8C510A9-E534-4FF7-A84B-3114E45B10B2}.Debug|Any CPU.ActiveCfg = Debug|Any CPU
		{D8C510A9-E534-4FF7-A84B-3114E45B10B2}.Debug|Any CPU.Build.0 = Debug|Any CPU
		{D8C510A9-E534-4FF7-A84B-3114E45B10B2}.Release|Any CPU.ActiveCfg = Release|Any CPU
		{D8C510A9-E534-4FF7-A84B-3114E45B10B2}.Release|Any CPU.Build.0 = Release|Any CPU
	EndGlobalSection
	GlobalSection(SolutionProperties) = preSolution
		HideSolutionNode = FALSE
	EndGlobalSection
	GlobalSection(ExtensibilityGlobals) = postSolution
		SolutionGuid = {A6D51935-DEC9-47AC-9293-DAE8DD0BC73C}
	EndGlobalSection
EndGlobal
